// !$*UTF8*$!
{
	archiveVersion = 1;
	classes = {
	};
	objectVersion = 51;
	objects = {

/* Begin PBXBuildFile section */
		59624C0624EB0FAC006B9029 /* AppDelegate.swift in Sources */ = {isa = PBXBuildFile; fileRef = 59624C0524EB0FAC006B9029 /* AppDelegate.swift */; };
		59624C0824EB0FAC006B9029 /* SceneDelegate.swift in Sources */ = {isa = PBXBuildFile; fileRef = 59624C0724EB0FAC006B9029 /* SceneDelegate.swift */; };
		59624C0A24EB0FAC006B9029 /* ViewController.swift in Sources */ = {isa = PBXBuildFile; fileRef = 59624C0924EB0FAC006B9029 /* ViewController.swift */; };
		59624C0D24EB0FAC006B9029 /* Main.storyboard in Resources */ = {isa = PBXBuildFile; fileRef = 59624C0B24EB0FAC006B9029 /* Main.storyboard */; };
		59624C0F24EB0FAD006B9029 /* Assets.xcassets in Resources */ = {isa = PBXBuildFile; fileRef = 59624C0E24EB0FAD006B9029 /* Assets.xcassets */; };
		59624C1224EB0FAD006B9029 /* LaunchScreen.storyboard in Resources */ = {isa = PBXBuildFile; fileRef = 59624C1024EB0FAD006B9029 /* LaunchScreen.storyboard */; };
		E38DFAD51C82D02BAD1D214F /* Pods_QCallExample.framework in Frameworks */ = {isa = PBXBuildFile; fileRef = B95CE1F3131D29BA90A13409 /* Pods_QCallExample.framework */; };
/* End PBXBuildFile section */

/* Begin PBXFileReference section */
		59624C0224EB0FAC006B9029 /* QCallExample.app */ = {isa = PBXFileReference; explicitFileType = wrapper.application; includeInIndex = 0; path = QCallExample.app; sourceTree = BUILT_PRODUCTS_DIR; };
		59624C0524EB0FAC006B9029 /* AppDelegate.swift */ = {isa = PBXFileReference; lastKnownFileType = sourcecode.swift; path = AppDelegate.swift; sourceTree = "<group>"; };
		59624C0724EB0FAC006B9029 /* SceneDelegate.swift */ = {isa = PBXFileReference; lastKnownFileType = sourcecode.swift; path = SceneDelegate.swift; sourceTree = "<group>"; };
		59624C0924EB0FAC006B9029 /* ViewController.swift */ = {isa = PBXFileReference; lastKnownFileType = sourcecode.swift; path = ViewController.swift; sourceTree = "<group>"; };
		59624C0C24EB0FAC006B9029 /* Base */ = {isa = PBXFileReference; lastKnownFileType = file.storyboard; name = Base; path = Base.lproj/Main.storyboard; sourceTree = "<group>"; };
		59624C0E24EB0FAD006B9029 /* Assets.xcassets */ = {isa = PBXFileReference; lastKnownFileType = folder.assetcatalog; path = Assets.xcassets; sourceTree = "<group>"; };
		59624C1124EB0FAD006B9029 /* Base */ = {isa = PBXFileReference; lastKnownFileType = file.storyboard; name = Base; path = Base.lproj/LaunchScreen.storyboard; sourceTree = "<group>"; };
		59624C1324EB0FAD006B9029 /* Info.plist */ = {isa = PBXFileReference; lastKnownFileType = text.plist.xml; path = Info.plist; sourceTree = "<group>"; };
		80FAF3CF096DFA3627D9A0CB /* Pods-QCallExample.debug.xcconfig */ = {isa = PBXFileReference; includeInIndex = 1; lastKnownFileType = text.xcconfig; name = "Pods-QCallExample.debug.xcconfig"; path = "Target Support Files/Pods-QCallExample/Pods-QCallExample.debug.xcconfig"; sourceTree = "<group>"; };
		B95CE1F3131D29BA90A13409 /* Pods_QCallExample.framework */ = {isa = PBXFileReference; explicitFileType = wrapper.framework; includeInIndex = 0; path = Pods_QCallExample.framework; sourceTree = BUILT_PRODUCTS_DIR; };
		F80B13971F06E108DF90D749 /* Pods-QCallExample.release.xcconfig */ = {isa = PBXFileReference; includeInIndex = 1; lastKnownFileType = text.xcconfig; name = "Pods-QCallExample.release.xcconfig"; path = "Target Support Files/Pods-QCallExample/Pods-QCallExample.release.xcconfig"; sourceTree = "<group>"; };
/* End PBXFileReference section */

/* Begin PBXFrameworksBuildPhase section */
		59624BFF24EB0FAC006B9029 /* Frameworks */ = {
			isa = PBXFrameworksBuildPhase;
			buildActionMask = 2147483647;
			files = (
				E38DFAD51C82D02BAD1D214F /* Pods_QCallExample.framework in Frameworks */,
			);
			runOnlyForDeploymentPostprocessing = 0;
		};
/* End PBXFrameworksBuildPhase section */

/* Begin PBXGroup section */
		0C94191676280AC8E8AD8907 /* Frameworks */ = {
			isa = PBXGroup;
			children = (
				B95CE1F3131D29BA90A13409 /* Pods_QCallExample.framework */,
			);
			name = Frameworks;
			sourceTree = "<group>";
		};
		165DA3B29EF2FC6E2089E604 /* Pods */ = {
			isa = PBXGroup;
			children = (
				80FAF3CF096DFA3627D9A0CB /* Pods-QCallExample.debug.xcconfig */,
				F80B13971F06E108DF90D749 /* Pods-QCallExample.release.xcconfig */,
			);
			path = Pods;
			sourceTree = "<group>";
		};
		59624BF924EB0FAC006B9029 = {
			isa = PBXGroup;
			children = (
				59624C0424EB0FAC006B9029 /* QCallExample */,
				59624C0324EB0FAC006B9029 /* Products */,
				165DA3B29EF2FC6E2089E604 /* Pods */,
				0C94191676280AC8E8AD8907 /* Frameworks */,
			);
			sourceTree = "<group>";
		};
		59624C0324EB0FAC006B9029 /* Products */ = {
			isa = PBXGroup;
			children = (
				59624C0224EB0FAC006B9029 /* QCallExample.app */,
			);
			name = Products;
			sourceTree = "<group>";
		};
		59624C0424EB0FAC006B9029 /* QCallExample */ = {
			isa = PBXGroup;
			children = (
				59624C0524EB0FAC006B9029 /* AppDelegate.swift */,
				59624C0724EB0FAC006B9029 /* SceneDelegate.swift */,
				59624C0924EB0FAC006B9029 /* ViewController.swift */,
				59624C0B24EB0FAC006B9029 /* Main.storyboard */,
				59624C0E24EB0FAD006B9029 /* Assets.xcassets */,
				59624C1024EB0FAD006B9029 /* LaunchScreen.storyboard */,
				59624C1324EB0FAD006B9029 /* Info.plist */,
			);
			path = QCallExample;
			sourceTree = "<group>";
		};
/* End PBXGroup section */

/* Begin PBXNativeTarget section */
		59624C0124EB0FAC006B9029 /* QCallExample */ = {
			isa = PBXNativeTarget;
			buildConfigurationList = 59624C1624EB0FAD006B9029 /* Build configuration list for PBXNativeTarget "QCallExample" */;
			buildPhases = (
				8D3AA009ACD0F07B086382D9 /* [CP] Check Pods Manifest.lock */,
				59624BFE24EB0FAC006B9029 /* Sources */,
				59624BFF24EB0FAC006B9029 /* Frameworks */,
				59624C0024EB0FAC006B9029 /* Resources */,
				E32D94F7A1BFFB0FC77FDCB2 /* [CP] Embed Pods Frameworks */,
			);
			buildRules = (
			);
			dependencies = (
			);
			name = QCallExample;
			productName = QCallExample;
			productReference = 59624C0224EB0FAC006B9029 /* QCallExample.app */;
			productType = "com.apple.product-type.application";
		};
/* End PBXNativeTarget section */

/* Begin PBXProject section */
		59624BFA24EB0FAC006B9029 /* Project object */ = {
			isa = PBXProject;
			attributes = {
				LastSwiftUpdateCheck = 1160;
				LastUpgradeCheck = 1160;
				ORGANIZATIONNAME = "Augusto Alonso";
				TargetAttributes = {
					59624C0124EB0FAC006B9029 = {
						CreatedOnToolsVersion = 11.6;
					};
				};
			};
			buildConfigurationList = 59624BFD24EB0FAC006B9029 /* Build configuration list for PBXProject "QCallExample" */;
			compatibilityVersion = "Xcode 9.3";
			developmentRegion = en;
			hasScannedForEncodings = 0;
			knownRegions = (
				en,
				Base,
			);
			mainGroup = 59624BF924EB0FAC006B9029;
			productRefGroup = 59624C0324EB0FAC006B9029 /* Products */;
			projectDirPath = "";
			projectRoot = "";
			targets = (
				59624C0124EB0FAC006B9029 /* QCallExample */,
			);
		};
/* End PBXProject section */

/* Begin PBXResourcesBuildPhase section */
		59624C0024EB0FAC006B9029 /* Resources */ = {
			isa = PBXResourcesBuildPhase;
			buildActionMask = 2147483647;
			files = (
				59624C1224EB0FAD006B9029 /* LaunchScreen.storyboard in Resources */,
				59624C0F24EB0FAD006B9029 /* Assets.xcassets in Resources */,
				59624C0D24EB0FAC006B9029 /* Main.storyboard in Resources */,
			);
			runOnlyForDeploymentPostprocessing = 0;
		};
/* End PBXResourcesBuildPhase section */

/* Begin PBXShellScriptBuildPhase section */
		8D3AA009ACD0F07B086382D9 /* [CP] Check Pods Manifest.lock */ = {
			isa = PBXShellScriptBuildPhase;
			buildActionMask = 2147483647;
			files = (
			);
			inputFileListPaths = (
			);
			inputPaths = (
				"${PODS_PODFILE_DIR_PATH}/Podfile.lock",
				"${PODS_ROOT}/Manifest.lock",
			);
			name = "[CP] Check Pods Manifest.lock";
			outputFileListPaths = (
			);
			outputPaths = (
				"$(DERIVED_FILE_DIR)/Pods-QCallExample-checkManifestLockResult.txt",
			);
			runOnlyForDeploymentPostprocessing = 0;
			shellPath = /bin/sh;
			shellScript = "diff \"${PODS_PODFILE_DIR_PATH}/Podfile.lock\" \"${PODS_ROOT}/Manifest.lock\" > /dev/null\nif [ $? != 0 ] ; then\n    # print error to STDERR\n    echo \"error: The sandbox is not in sync with the Podfile.lock. Run 'pod install' or update your CocoaPods installation.\" >&2\n    exit 1\nfi\n# This output is used by Xcode 'outputs' to avoid re-running this script phase.\necho \"SUCCESS\" > \"${SCRIPT_OUTPUT_FILE_0}\"\n";
			showEnvVarsInLog = 0;
		};
		E32D94F7A1BFFB0FC77FDCB2 /* [CP] Embed Pods Frameworks */ = {
			isa = PBXShellScriptBuildPhase;
			buildActionMask = 2147483647;
			files = (
			);
			inputFileListPaths = (
				"${PODS_ROOT}/Target Support Files/Pods-QCallExample/Pods-QCallExample-frameworks-${CONFIGURATION}-input-files.xcfilelist",
			);
			name = "[CP] Embed Pods Frameworks";
			outputFileListPaths = (
				"${PODS_ROOT}/Target Support Files/Pods-QCallExample/Pods-QCallExample-frameworks-${CONFIGURATION}-output-files.xcfilelist",
			);
			runOnlyForDeploymentPostprocessing = 0;
			shellPath = /bin/sh;
			shellScript = "\"${PODS_ROOT}/Target Support Files/Pods-QCallExample/Pods-QCallExample-frameworks.sh\"\n";
			showEnvVarsInLog = 0;
		};
/* End PBXShellScriptBuildPhase section */

/* Begin PBXSourcesBuildPhase section */
		59624BFE24EB0FAC006B9029 /* Sources */ = {
			isa = PBXSourcesBuildPhase;
			buildActionMask = 2147483647;
			files = (
				59624C0A24EB0FAC006B9029 /* ViewController.swift in Sources */,
				59624C0624EB0FAC006B9029 /* AppDelegate.swift in Sources */,
				59624C0824EB0FAC006B9029 /* SceneDelegate.swift in Sources */,
			);
			runOnlyForDeploymentPostprocessing = 0;
		};
/* End PBXSourcesBuildPhase section */

/* Begin PBXVariantGroup section */
		59624C0B24EB0FAC006B9029 /* Main.storyboard */ = {
			isa = PBXVariantGroup;
			children = (
				59624C0C24EB0FAC006B9029 /* Base */,
			);
			name = Main.storyboard;
			sourceTree = "<group>";
		};
		59624C1024EB0FAD006B9029 /* LaunchScreen.storyboard */ = {
			isa = PBXVariantGroup;
			children = (
				59624C1124EB0FAD006B9029 /* Base */,
			);
			name = LaunchScreen.storyboard;
			sourceTree = "<group>";
		};
/* End PBXVariantGroup section */

/* Begin XCBuildConfiguration section */
		59624C1424EB0FAD006B9029 /* Debug */ = {
			isa = XCBuildConfiguration;
			buildSettings = {
				ALWAYS_SEARCH_USER_PATHS = NO;
				CLANG_ANALYZER_NONNULL = YES;
				CLANG_ANALYZER_NUMBER_OBJECT_CONVERSION = YES_AGGRESSIVE;
				CLANG_CXX_LANGUAGE_STANDARD = "gnu++14";
				CLANG_CXX_LIBRARY = "libc++";
				CLANG_ENABLE_MODULES = YES;
				CLANG_ENABLE_OBJC_ARC = YES;
				CLANG_ENABLE_OBJC_WEAK = YES;
				CLANG_WARN_BLOCK_CAPTURE_AUTORELEASING = YES;
				CLANG_WARN_BOOL_CONVERSION = YES;
				CLANG_WARN_COMMA = YES;
				CLANG_WARN_CONSTANT_CONVERSION = YES;
				CLANG_WARN_DEPRECATED_OBJC_IMPLEMENTATIONS = YES;
				CLANG_WARN_DIRECT_OBJC_ISA_USAGE = YES_ERROR;
				CLANG_WARN_DOCUMENTATION_COMMENTS = YES;
				CLANG_WARN_EMPTY_BODY = YES;
				CLANG_WARN_ENUM_CONVERSION = YES;
				CLANG_WARN_INFINITE_RECURSION = YES;
				CLANG_WARN_INT_CONVERSION = YES;
				CLANG_WARN_NON_LITERAL_NULL_CONVERSION = YES;
				CLANG_WARN_OBJC_IMPLICIT_RETAIN_SELF = YES;
				CLANG_WARN_OBJC_LITERAL_CONVERSION = YES;
				CLANG_WARN_OBJC_ROOT_CLASS = YES_ERROR;
				CLANG_WARN_RANGE_LOOP_ANALYSIS = YES;
				CLANG_WARN_STRICT_PROTOTYPES = YES;
				CLANG_WARN_SUSPICIOUS_MOVE = YES;
				CLANG_WARN_UNGUARDED_AVAILABILITY = YES_AGGRESSIVE;
				CLANG_WARN_UNREACHABLE_CODE = YES;
				CLANG_WARN__DUPLICATE_METHOD_MATCH = YES;
				COPY_PHASE_STRIP = NO;
				DEBUG_INFORMATION_FORMAT = dwarf;
				ENABLE_BITCODE = YES;
				ENABLE_STRICT_OBJC_MSGSEND = YES;
				ENABLE_TESTABILITY = YES;
				GCC_C_LANGUAGE_STANDARD = gnu11;
				GCC_DYNAMIC_NO_PIC = NO;
				GCC_NO_COMMON_BLOCKS = YES;
				GCC_OPTIMIZATION_LEVEL = 0;
				GCC_PREPROCESSOR_DEFINITIONS = (
					"DEBUG=1",
					"$(inherited)",
				);
				GCC_WARN_64_TO_32_BIT_CONVERSION = YES;
				GCC_WARN_ABOUT_RETURN_TYPE = YES_ERROR;
				GCC_WARN_UNDECLARED_SELECTOR = YES;
				GCC_WARN_UNINITIALIZED_AUTOS = YES_AGGRESSIVE;
				GCC_WARN_UNUSED_FUNCTION = YES;
				GCC_WARN_UNUSED_VARIABLE = YES;
				IPHONEOS_DEPLOYMENT_TARGET = 12.0;
				MTL_ENABLE_DEBUG_INFO = INCLUDE_SOURCE;
				MTL_FAST_MATH = YES;
				ONLY_ACTIVE_ARCH = YES;
				SDKROOT = iphoneos;
				SWIFT_ACTIVE_COMPILATION_CONDITIONS = DEBUG;
				SWIFT_OPTIMIZATION_LEVEL = "-Onone";
			};
			name = Debug;
		};
		59624C1524EB0FAD006B9029 /* Release */ = {
			isa = XCBuildConfiguration;
			buildSettings = {
				ALWAYS_SEARCH_USER_PATHS = NO;
				CLANG_ANALYZER_NONNULL = YES;
				CLANG_ANALYZER_NUMBER_OBJECT_CONVERSION = YES_AGGRESSIVE;
				CLANG_CXX_LANGUAGE_STANDARD = "gnu++14";
				CLANG_CXX_LIBRARY = "libc++";
				CLANG_ENABLE_MODULES = YES;
				CLANG_ENABLE_OBJC_ARC = YES;
				CLANG_ENABLE_OBJC_WEAK = YES;
				CLANG_WARN_BLOCK_CAPTURE_AUTORELEASING = YES;
				CLANG_WARN_BOOL_CONVERSION = YES;
				CLANG_WARN_COMMA = YES;
				CLANG_WARN_CONSTANT_CONVERSION = YES;
				CLANG_WARN_DEPRECATED_OBJC_IMPLEMENTATIONS = YES;
				CLANG_WARN_DIRECT_OBJC_ISA_USAGE = YES_ERROR;
				CLANG_WARN_DOCUMENTATION_COMMENTS = YES;
				CLANG_WARN_EMPTY_BODY = YES;
				CLANG_WARN_ENUM_CONVERSION = YES;
				CLANG_WARN_INFINITE_RECURSION = YES;
				CLANG_WARN_INT_CONVERSION = YES;
				CLANG_WARN_NON_LITERAL_NULL_CONVERSION = YES;
				CLANG_WARN_OBJC_IMPLICIT_RETAIN_SELF = YES;
				CLANG_WARN_OBJC_LITERAL_CONVERSION = YES;
				CLANG_WARN_OBJC_ROOT_CLASS = YES_ERROR;
				CLANG_WARN_RANGE_LOOP_ANALYSIS = YES;
				CLANG_WARN_STRICT_PROTOTYPES = YES;
				CLANG_WARN_SUSPICIOUS_MOVE = YES;
				CLANG_WARN_UNGUARDED_AVAILABILITY = YES_AGGRESSIVE;
				CLANG_WARN_UNREACHABLE_CODE = YES;
				CLANG_WARN__DUPLICATE_METHOD_MATCH = YES;
				COPY_PHASE_STRIP = NO;
				DEBUG_INFORMATION_FORMAT = "dwarf-with-dsym";
				ENABLE_BITCODE = YES;
				ENABLE_NS_ASSERTIONS = NO;
				ENABLE_STRICT_OBJC_MSGSEND = YES;
				GCC_C_LANGUAGE_STANDARD = gnu11;
				GCC_NO_COMMON_BLOCKS = YES;
				GCC_WARN_64_TO_32_BIT_CONVERSION = YES;
				GCC_WARN_ABOUT_RETURN_TYPE = YES_ERROR;
				GCC_WARN_UNDECLARED_SELECTOR = YES;
				GCC_WARN_UNINITIALIZED_AUTOS = YES_AGGRESSIVE;
				GCC_WARN_UNUSED_FUNCTION = YES;
				GCC_WARN_UNUSED_VARIABLE = YES;
				IPHONEOS_DEPLOYMENT_TARGET = 12.0;
				MTL_ENABLE_DEBUG_INFO = NO;
				MTL_FAST_MATH = YES;
				SDKROOT = iphoneos;
				SWIFT_COMPILATION_MODE = wholemodule;
				SWIFT_OPTIMIZATION_LEVEL = "-O";
				VALIDATE_PRODUCT = YES;
			};
			name = Release;
		};
		59624C1724EB0FAD006B9029 /* Debug */ = {
			isa = XCBuildConfiguration;
			baseConfigurationReference = 80FAF3CF096DFA3627D9A0CB /* Pods-QCallExample.debug.xcconfig */;
			buildSettings = {
				ASSETCATALOG_COMPILER_APPICON_NAME = AppIcon;
				CODE_SIGN_STYLE = Automatic;
				DEVELOPMENT_TEAM = 4JKQLD4R4K;
				ENABLE_BITCODE = NO;
				INFOPLIST_FILE = QCallExample/Info.plist;
				IPHONEOS_DEPLOYMENT_TARGET = 12.0;
				LD_RUNPATH_SEARCH_PATHS = (
					"$(inherited)",
					"@executable_path/Frameworks",
				);
				PRODUCT_BUNDLE_IDENTIFIER = com.vivequilo.qcall.QCallExample;
				PRODUCT_NAME = "$(TARGET_NAME)";
				SWIFT_VERSION = 5.0;
				TARGETED_DEVICE_FAMILY = "1,2";
			};
			name = Debug;
		};
		59624C1824EB0FAD006B9029 /* Release */ = {
			isa = XCBuildConfiguration;
			baseConfigurationReference = F80B13971F06E108DF90D749 /* Pods-QCallExample.release.xcconfig */;
			buildSettings = {
				ASSETCATALOG_COMPILER_APPICON_NAME = AppIcon;
				CODE_SIGN_STYLE = Automatic;
				DEVELOPMENT_TEAM = 4JKQLD4R4K;
				ENABLE_BITCODE = NO;
				INFOPLIST_FILE = QCallExample/Info.plist;
				IPHONEOS_DEPLOYMENT_TARGET = 12.0;
				LD_RUNPATH_SEARCH_PATHS = (
					"$(inherited)",
					"@executable_path/Frameworks",
				);
				PRODUCT_BUNDLE_IDENTIFIER = com.vivequilo.qcall.QCallExample;
				PRODUCT_NAME = "$(TARGET_NAME)";
				SWIFT_VERSION = 5.0;
				TARGETED_DEVICE_FAMILY = "1,2";
			};
			name = Release;
		};
/* End XCBuildConfiguration section */

/* Begin XCConfigurationList section */
		59624BFD24EB0FAC006B9029 /* Build configuration list for PBXProject "QCallExample" */ = {
			isa = XCConfigurationList;
			buildConfigurations = (
				59624C1424EB0FAD006B9029 /* Debug */,
				59624C1524EB0FAD006B9029 /* Release */,
			);
			defaultConfigurationIsVisible = 0;
			defaultConfigurationName = Release;
		};
		59624C1624EB0FAD006B9029 /* Build configuration list for PBXNativeTarget "QCallExample" */ = {
			isa = XCConfigurationList;
			buildConfigurations = (
				59624C1724EB0FAD006B9029 /* Debug */,
				59624C1824EB0FAD006B9029 /* Release */,
			);
			defaultConfigurationIsVisible = 0;
			defaultConfigurationName = Release;
		};
/* End XCConfigurationList section */
	};
	rootObject = 59624BFA24EB0FAC006B9029 /* Project object */;
}
